
Microsoft Visual Studio Solution File, Format Version 12.00
# Visual Studio 15
VisualStudioVersion = 15.0.27428.2043
MinimumVisualStudioVersion = 10.0.40219.1
Project("{FAE04EC0-301F-11D3-BF4B-00C04F79EFBC}") = "QueryDataTable", "QueryDataTable\QueryDataTable.csproj", "{0CE3DF83-6D15-455C-9D35-524F0311082B}"
EndProject
Global
	GlobalSection(SolutionConfigurationPlatforms) = preSolution
		Debug|Any CPU = Debug|Any CPU
		Release|Any CPU = Release|Any CPU
	EndGlobalSection
	GlobalSection(ProjectConfigurationPlatforms) = postSolution
		{0CE3DF83-6D15-455C-9D35-524F0311082B}.Debug|Any CPU.ActiveCfg = Debug|Any CPU
		{0CE3DF83-6D15-455C-9D35-524F0311082B}.Debug|Any CPU.Build.0 = Debug|Any CPU
		{0CE3DF83-6D15-455C-9D35-524F0311082B}.Release|Any CPU.ActiveCfg = Release|Any CPU
		{0CE3DF83-6D15-455C-9D35-524F0311082B}.Release|Any CPU.Build.0 = Release|Any CPU
	EndGlobalSection
	GlobalSection(SolutionProperties) = preSolution
		HideSolutionNode = FALSE
	EndGlobalSection
	GlobalSection(ExtensibilityGlobals) = postSolution
		SolutionGuid = {473C59FD-4AEE-41C7-AC38-11CC189BFF92}
	EndGlobalSection
EndGlobal
